
Microsoft Visual Studio Solution File, Format Version 12.00
# Visual Studio Version 17
VisualStudioVersion = 17.13.35825.156 d17.13
MinimumVisualStudioVersion = 10.0.40219.1
Project("{FAE04EC0-301F-11D3-BF4B-00C04F79EFBC}") = "WebApplication1", "WebApplication1\WebApplication1.csproj", "{27FDE020-F3C1-4478-A937-13852F09D6DE}"
EndProject
Global
	GlobalSection(SolutionConfigurationPlatforms) = preSolution
		Debug|Any CPU = Debug|Any CPU
		Release|Any CPU = Release|Any CPU
	EndGlobalSection
	GlobalSection(ProjectConfigurationPlatforms) = postSolution
		{27FDE020-F3C1-4478-A937-13852F09D6DE}.Debug|Any CPU.ActiveCfg = Debug|Any CPU
		{27FDE020-F3C1-4478-A937-13852F09D6DE}.Debug|Any CPU.Build.0 = Debug|Any CPU
		{27FDE020-F3C1-4478-A937-13852F09D6DE}.Release|Any CPU.ActiveCfg = Release|Any CPU
		{27FDE020-F3C1-4478-A937-13852F09D6DE}.Release|Any CPU.Build.0 = Release|Any CPU
	EndGlobalSection
	GlobalSection(SolutionProperties) = preSolution
		HideSolutionNode = FALSE
	EndGlobalSection
	GlobalSection(ExtensibilityGlobals) = postSolution
		SolutionGuid = {FDF8C38A-CB4B-4D3C-92C9-52696E431468}
	EndGlobalSection
EndGlobal
